
Microsoft Visual Studio Solution File, Format Version 12.00
# Visual Studio Version 17
VisualStudioVersion = 17.13.35825.156 d17.13
MinimumVisualStudioVersion = 10.0.40219.1
Project("{FAE04EC0-301F-11D3-BF4B-00C04F79EFBC}") = "ArtWave_WebProj", "ArtWave_WebProj.csproj", "{B4510B7E-D48C-459F-A864-CB94F5A170AF}"
EndProject
Global
	GlobalSection(SolutionConfigurationPlatforms) = preSolution
		Debug|Any CPU = Debug|Any CPU
		Release|Any CPU = Release|Any CPU
	EndGlobalSection
	GlobalSection(ProjectConfigurationPlatforms) = postSolution
		{B4510B7E-D48C-459F-A864-CB94F5A170AF}.Debug|Any CPU.ActiveCfg = Debug|Any CPU
		{B4510B7E-D48C-459F-A864-CB94F5A170AF}.Debug|Any CPU.Build.0 = Debug|Any CPU
		{B4510B7E-D48C-459F-A864-CB94F5A170AF}.Release|Any CPU.ActiveCfg = Release|Any CPU
		{B4510B7E-D48C-459F-A864-CB94F5A170AF}.Release|Any CPU.Build.0 = Release|Any CPU
	EndGlobalSection
	GlobalSection(SolutionProperties) = preSolution
		HideSolutionNode = FALSE
	EndGlobalSection
	GlobalSection(ExtensibilityGlobals) = postSolution
		SolutionGuid = {6F95BBEF-AC7B-4FB0-91A4-1EBF4939C744}
	EndGlobalSection
EndGlobal
